
Microsoft Visual Studio Solution File, Format Version 12.00
# Visual Studio 15
Project("{FAE04EC0-301F-11D3-BF4B-00C04F79EFBC}") = "dineIN", "dineIN.csproj", "{8CCDCAB7-E4C5-45AB-8976-1C0827CBAECD}"
EndProject
Global
	GlobalSection(SolutionConfigurationPlatforms) = preSolution
		Debug|Any CPU = Debug|Any CPU
		Release|Any CPU = Release|Any CPU
	EndGlobalSection
	GlobalSection(ProjectConfigurationPlatforms) = postSolution
		{8CCDCAB7-E4C5-45AB-8976-1C0827CBAECD}.Debug|Any CPU.ActiveCfg = Debug|Any CPU
		{8CCDCAB7-E4C5-45AB-8976-1C0827CBAECD}.Debug|Any CPU.Build.0 = Debug|Any CPU
		{8CCDCAB7-E4C5-45AB-8976-1C0827CBAECD}.Release|Any CPU.ActiveCfg = Release|Any CPU
		{8CCDCAB7-E4C5-45AB-8976-1C0827CBAECD}.Release|Any CPU.Build.0 = Release|Any CPU
	EndGlobalSection
EndGlobal
